
Microsoft Visual Studio Solution File, Format Version 12.00
# Visual Studio Version 17
VisualStudioVersion = 17.5.002.0
MinimumVisualStudioVersion = 10.0.40219.1
Project("{9A19103F-16F7-4668-BE54-9A1E7A4F7556}") = "2023-10-BilibiliDownHelper", "src\Core\2023-10-BilibiliDownHelper.csproj", "{BD1464C1-8ED7-4753-A99C-89F3258C11A0}"
EndProject
Project("{FAE04EC0-301F-11D3-BF4B-00C04F79EFBC}") = "Test", "src\test\Test.csproj", "{FD691558-1CBD-4DBA-8C44-1E57D198E687}"
EndProject
Project("{FAE04EC0-301F-11D3-BF4B-00C04F79EFBC}") = "BvDownkr", "src\BvDownkr\BvDownkr.csproj", "{CEDF5542-E5AD-45E4-ACF7-5505F7AAD73F}"
EndProject
Global
	GlobalSection(SolutionConfigurationPlatforms) = preSolution
		Debug|Any CPU = Debug|Any CPU
		Release|Any CPU = Release|Any CPU
	EndGlobalSection
	GlobalSection(ProjectConfigurationPlatforms) = postSolution
		{BD1464C1-8ED7-4753-A99C-89F3258C11A0}.Debug|Any CPU.ActiveCfg = Debug|Any CPU
		{BD1464C1-8ED7-4753-A99C-89F3258C11A0}.Debug|Any CPU.Build.0 = Debug|Any CPU
		{BD1464C1-8ED7-4753-A99C-89F3258C11A0}.Release|Any CPU.ActiveCfg = Release|Any CPU
		{BD1464C1-8ED7-4753-A99C-89F3258C11A0}.Release|Any CPU.Build.0 = Release|Any CPU
		{FD691558-1CBD-4DBA-8C44-1E57D198E687}.Debug|Any CPU.ActiveCfg = Debug|Any CPU
		{FD691558-1CBD-4DBA-8C44-1E57D198E687}.Debug|Any CPU.Build.0 = Debug|Any CPU
		{FD691558-1CBD-4DBA-8C44-1E57D198E687}.Release|Any CPU.ActiveCfg = Release|Any CPU
		{FD691558-1CBD-4DBA-8C44-1E57D198E687}.Release|Any CPU.Build.0 = Release|Any CPU
		{6CC8DA56-4679-4B73-B7DF-7977635ABB7C}.Debug|Any CPU.ActiveCfg = Debug|Any CPU
		{6CC8DA56-4679-4B73-B7DF-7977635ABB7C}.Debug|Any CPU.Build.0 = Debug|Any CPU
		{6CC8DA56-4679-4B73-B7DF-7977635ABB7C}.Release|Any CPU.ActiveCfg = Release|Any CPU
		{6CC8DA56-4679-4B73-B7DF-7977635ABB7C}.Release|Any CPU.Build.0 = Release|Any CPU
		{CEDF5542-E5AD-45E4-ACF7-5505F7AAD73F}.Debug|Any CPU.ActiveCfg = Debug|Any CPU
		{CEDF5542-E5AD-45E4-ACF7-5505F7AAD73F}.Debug|Any CPU.Build.0 = Debug|Any CPU
		{CEDF5542-E5AD-45E4-ACF7-5505F7AAD73F}.Release|Any CPU.ActiveCfg = Release|Any CPU
		{CEDF5542-E5AD-45E4-ACF7-5505F7AAD73F}.Release|Any CPU.Build.0 = Release|Any CPU
	EndGlobalSection
	GlobalSection(SolutionProperties) = preSolution
		HideSolutionNode = FALSE
	EndGlobalSection
	GlobalSection(ExtensibilityGlobals) = postSolution
		SolutionGuid = {266D3250-A558-455E-8FDC-76D83FF1E9B8}
	EndGlobalSection
EndGlobal
